// !$*UTF8*$!
{
	archiveVersion = 1;
	classes = {
	};
	objectVersion = 90;
	objects = {

/* Begin PBXBuildFile section */
		D0E4923530751B0A00056BA3 /* FortnightlyKit.framework in Frameworks */ = {isa = PBXBuildFile; fileRef = D0E4922A30751B0A00056BA3 /* FortnightlyKit.framework */; };
		D0E4923F30751B0A00056BA3 /* FortnightlyKit.framework in Frameworks */ = {isa = PBXBuildFile; fileRef = D0E4922A30751B0A00056BA3 /* FortnightlyKit.framework */; };
		D0E4924030751B0A00056BA3 /* FortnightlyKit.framework in Embed Frameworks */ = {isa = PBXBuildFile; fileRef = D0E4922A30751B0A00056BA3 /* FortnightlyKit.framework */; settings = {ATTRIBUTES = (CodeSignOnCopy, RemoveHeadersOnCopy, ); }; };
		D0E4924F30751F2400056BA3 /* WidgetKit.framework in Frameworks */ = {isa = PBXBuildFile; fileRef = D0E4924E30751F2400056BA3 /* WidgetKit.framework */; };
		D0E4925130751F2400056BA3 /* SwiftUI.framework in Frameworks */ = {isa = PBXBuildFile; fileRef = D0E4925030751F2400056BA3 /* SwiftUI.framework */; };
		D0E4925C30751F2500056BA3 /* ShiftStatusWidgetExtension.appex in Embed Foundation Extensions */ = {isa = PBXBuildFile; fileRef = D0E4924C30751F2400056BA3 /* ShiftStatusWidgetExtension.appex */; settings = {ATTRIBUTES = (RemoveHeadersOnCopy, ); }; };
		D0E4926830751F4E00056BA3 /* UserNotifications.framework in Frameworks */ = {isa = PBXBuildFile; fileRef = D0E4926730751F4E00056BA3 /* UserNotifications.framework */; };
		D0E4926A30751F4E00056BA3 /* UserNotificationsUI.framework in Frameworks */ = {isa = PBXBuildFile; fileRef = D0E4926930751F4E00056BA3 /* UserNotificationsUI.framework */; };
		D0E4927430751F4E00056BA3 /* ShiftPromptNotification.appex in Embed Foundation Extensions */ = {isa = PBXBuildFile; fileRef = D0E4926630751F4E00056BA3 /* ShiftPromptNotification.appex */; settings = {ATTRIBUTES = (RemoveHeadersOnCopy, ); }; };
		D0E4F00130751F6000056BA3 /* FortnightlyKit.framework in Frameworks */ = {isa = PBXBuildFile; fileRef = D0E4922A30751B0A00056BA3 /* FortnightlyKit.framework */; };
		D0E4F00230751F6000056BA3 /* FortnightlyKit.framework in Frameworks */ = {isa = PBXBuildFile; fileRef = D0E4922A30751B0A00056BA3 /* FortnightlyKit.framework */; };
/* End PBXBuildFile section */

/* Begin PBXContainerItemProxy section */
		D0E4923630751B0A00056BA3 /* PBXContainerItemProxy */ = {
			isa = PBXContainerItemProxy;
			containerPortal = 000000000000000000000000 /* Project object */;
			proxyType = 1;
			remoteGlobalIDString = D0E4922930751B0A00056BA3;
			remoteInfo = FortnightlyKit;
		};
		D0E4923830751B0A00056BA3 /* PBXContainerItemProxy */ = {
			isa = PBXContainerItemProxy;
			containerPortal = 000000000000000000000000 /* Project object */;
			proxyType = 1;
			remoteGlobalIDString = 000000000000000100000000;
			remoteInfo = Fortnightly;
		};
		D0E4923D30751B0A00056BA3 /* PBXContainerItemProxy */ = {
			isa = PBXContainerItemProxy;
			containerPortal = 000000000000000000000000 /* Project object */;
			proxyType = 1;
			remoteGlobalIDString = D0E4922930751B0A00056BA3;
			remoteInfo = FortnightlyKit;
		};
		D0E4925A30751F2500056BA3 /* PBXContainerItemProxy */ = {
			isa = PBXContainerItemProxy;
			containerPortal = 000000000000000000000000 /* Project object */;
			proxyType = 1;
			remoteGlobalIDString = D0E4924B30751F2400056BA3;
			remoteInfo = ShiftStatusWidgetExtension;
		};
		D0E4927230751F4E00056BA3 /* PBXContainerItemProxy */ = {
			isa = PBXContainerItemProxy;
			containerPortal = 000000000000000000000000 /* Project object */;
			proxyType = 1;
			remoteGlobalIDString = D0E4926530751F4E00056BA3;
			remoteInfo = ShiftPromptNotification;
		};
		D0E4F00330751F6000056BA3 /* PBXContainerItemProxy */ = {
			isa = PBXContainerItemProxy;
			containerPortal = 000000000000000000000000 /* Project object */;
			proxyType = 1;
			remoteGlobalIDString = D0E4922930751B0A00056BA3;
			remoteInfo = FortnightlyKit;
		};
		D0E4F00430751F6000056BA3 /* PBXContainerItemProxy */ = {
			isa = PBXContainerItemProxy;
			containerPortal = 000000000000000000000000 /* Project object */;
			proxyType = 1;
			remoteGlobalIDString = D0E4922930751B0A00056BA3;
			remoteInfo = FortnightlyKit;
		};
/* End PBXContainerItemProxy section */

/* Begin PBXCopyFilesBuildPhase section */
		D0E4924130751B0A00056BA3 /* Embed Frameworks */ = {
			isa = PBXCopyFilesBuildPhase;
			dstPath = "";
			dstSubfolder = Frameworks;
			files = (
				D0E4924030751B0A00056BA3 /* FortnightlyKit.framework in Embed Frameworks */,
			);
			name = "Embed Frameworks";
		};
		D0E4926130751F2500056BA3 /* Embed Foundation Extensions */ = {
			isa = PBXCopyFilesBuildPhase;
			dstPath = "";
			dstSubfolder = PlugIns;
			files = (
				D0E4927430751F4E00056BA3 /* ShiftPromptNotification.appex in Embed Foundation Extensions */,
				D0E4925C30751F2500056BA3 /* ShiftStatusWidgetExtension.appex in Embed Foundation Extensions */,
			);
			name = "Embed Foundation Extensions";
		};
/* End PBXCopyFilesBuildPhase section */

/* Begin PBXFileReference section */
		000000000000000000000120 /* Fortnightly.app */ = {isa = PBXFileReference; explicitFileType = wrapper.application; includeInIndex = 0; path = Fortnightly.app; sourceTree = BUILT_PRODUCTS_DIR; };
		D0E4922A30751B0A00056BA3 /* FortnightlyKit.framework */ = {isa = PBXFileReference; explicitFileType = wrapper.framework; includeInIndex = 0; path = FortnightlyKit.framework; sourceTree = BUILT_PRODUCTS_DIR; };
		D0E4923430751B0A00056BA3 /* FortnightlyKitTests.xctest */ = {isa = PBXFileReference; explicitFileType = wrapper.cfbundle; includeInIndex = 0; path = FortnightlyKitTests.xctest; sourceTree = BUILT_PRODUCTS_DIR; };
		D0E4924C30751F2400056BA3 /* ShiftStatusWidgetExtension.appex */ = {isa = PBXFileReference; explicitFileType = "wrapper.app-extension"; includeInIndex = 0; path = ShiftStatusWidgetExtension.appex; sourceTree = BUILT_PRODUCTS_DIR; };
		D0E4924E30751F2400056BA3 /* WidgetKit.framework */ = {isa = PBXFileReference; lastKnownFileType = wrapper.framework; name = WidgetKit.framework; path = System/Library/Frameworks/WidgetKit.framework; sourceTree = SDKROOT; };
		D0E4925030751F2400056BA3 /* SwiftUI.framework */ = {isa = PBXFileReference; lastKnownFileType = wrapper.framework; name = SwiftUI.framework; path = System/Library/Frameworks/SwiftUI.framework; sourceTree = SDKROOT; };
		D0E4926630751F4E00056BA3 /* ShiftPromptNotification.appex */ = {isa = PBXFileReference; explicitFileType = "wrapper.app-extension"; includeInIndex = 0; path = ShiftPromptNotification.appex; sourceTree = BUILT_PRODUCTS_DIR; };
		D0E4926730751F4E00056BA3 /* UserNotifications.framework */ = {isa = PBXFileReference; lastKnownFileType = wrapper.framework; name = UserNotifications.framework; path = System/Library/Frameworks/UserNotifications.framework; sourceTree = SDKROOT; };
		D0E4926930751F4E00056BA3 /* UserNotificationsUI.framework */ = {isa = PBXFileReference; lastKnownFileType = wrapper.framework; name = UserNotificationsUI.framework; path = System/Library/Frameworks/UserNotificationsUI.framework; sourceTree = SDKROOT; };
/* End PBXFileReference section */

/* Begin PBXFileSystemSynchronizedBuildFileExceptionSet section */
		D0E4925D30751F2500056BA3 /* Exceptions for "ShiftStatusWidget" folder in "ShiftStatusWidgetExtension" target */ = {
			isa = PBXFileSystemSynchronizedBuildFileExceptionSet;
			membershipExceptions = (
				Info.plist,
			);
			target = D0E4924B30751F2400056BA3 /* ShiftStatusWidgetExtension */;
		};
		D0E4927530751F4E00056BA3 /* Exceptions for "ShiftPromptNotification" folder in "ShiftPromptNotification" target */ = {
			isa = PBXFileSystemSynchronizedBuildFileExceptionSet;
			membershipExceptions = (
				Info.plist,
			);
			target = D0E4926530751F4E00056BA3 /* ShiftPromptNotification */;
		};
/* End PBXFileSystemSynchronizedBuildFileExceptionSet section */

/* Begin PBXFileSystemSynchronizedRootGroup section */
		000000000000000000000010 /* Fortnightly */ = {
			isa = PBXFileSystemSynchronizedRootGroup;
			path = Fortnightly;
			sourceTree = "<group>";
		};
		D0E4922B30751B0A00056BA3 /* FortnightlyKit */ = {
			isa = PBXFileSystemSynchronizedRootGroup;
			path = FortnightlyKit;
			sourceTree = "<group>";
		};
		D0E4923A30751B0A00056BA3 /* FortnightlyKitTests */ = {
			isa = PBXFileSystemSynchronizedRootGroup;
			path = FortnightlyKitTests;
			sourceTree = "<group>";
		};
		D0E4925230751F2400056BA3 /* ShiftStatusWidget */ = {
			isa = PBXFileSystemSynchronizedRootGroup;
			exceptions = (
				D0E4925D30751F2500056BA3 /* Exceptions for "ShiftStatusWidget" folder in "ShiftStatusWidgetExtension" target */,
			);
			path = ShiftStatusWidget;
			sourceTree = "<group>";
		};
		D0E4926B30751F4E00056BA3 /* ShiftPromptNotification */ = {
			isa = PBXFileSystemSynchronizedRootGroup;
			exceptions = (
				D0E4927530751F4E00056BA3 /* Exceptions for "ShiftPromptNotification" folder in "ShiftPromptNotification" target */,
			);
			path = ShiftPromptNotification;
			sourceTree = "<group>";
		};
/* End PBXFileSystemSynchronizedRootGroup section */

/* Begin PBXFrameworksBuildPhase section */
		000000000000000130000000 /* Frameworks */ = {
			isa = PBXFrameworksBuildPhase;
			files = (
				D0E4923F30751B0A00056BA3 /* FortnightlyKit.framework in Frameworks */,
			);
		};
		D0E4922730751B0A00056BA3 /* Frameworks */ = {
			isa = PBXFrameworksBuildPhase;
			files = (
			);
		};
		D0E4923130751B0A00056BA3 /* Frameworks */ = {
			isa = PBXFrameworksBuildPhase;
			files = (
				D0E4923530751B0A00056BA3 /* FortnightlyKit.framework in Frameworks */,
			);
		};
		D0E4924930751F2400056BA3 /* Frameworks */ = {
			isa = PBXFrameworksBuildPhase;
			files = (
				D0E4925130751F2400056BA3 /* SwiftUI.framework in Frameworks */,
				D0E4924F30751F2400056BA3 /* WidgetKit.framework in Frameworks */,
				D0E4F00130751F6000056BA3 /* FortnightlyKit.framework in Frameworks */,
			);
		};
		D0E4926330751F4E00056BA3 /* Frameworks */ = {
			isa = PBXFrameworksBuildPhase;
			files = (
				D0E4926A30751F4E00056BA3 /* UserNotificationsUI.framework in Frameworks */,
				D0E4926830751F4E00056BA3 /* UserNotifications.framework in Frameworks */,
				D0E4F00230751F6000056BA3 /* FortnightlyKit.framework in Frameworks */,
			);
		};
/* End PBXFrameworksBuildPhase section */

/* Begin PBXGroup section */
		000000000000000000000001 = {
			isa = PBXGroup;
			children = (
				000000000000000000000010 /* Fortnightly */,
				D0E4922B30751B0A00056BA3 /* FortnightlyKit */,
				D0E4923A30751B0A00056BA3 /* FortnightlyKitTests */,
				D0E4925230751F2400056BA3 /* ShiftStatusWidget */,
				D0E4926B30751F4E00056BA3 /* ShiftPromptNotification */,
				D0E4924D30751F2400056BA3 /* Frameworks */,
				000000000000000000000020 /* Products */,
			);
			sourceTree = "<group>";
		};
		000000000000000000000020 /* Products */ = {
			isa = PBXGroup;
			children = (
				000000000000000000000120 /* Fortnightly.app */,
				D0E4922A30751B0A00056BA3 /* FortnightlyKit.framework */,
				D0E4923430751B0A00056BA3 /* FortnightlyKitTests.xctest */,
				D0E4924C30751F2400056BA3 /* ShiftStatusWidgetExtension.appex */,
				D0E4926630751F4E00056BA3 /* ShiftPromptNotification.appex */,
			);
			name = Products;
			sourceTree = "<group>";
		};
		D0E4924D30751F2400056BA3 /* Frameworks */ = {
			isa = PBXGroup;
			children = (
				D0E4924E30751F2400056BA3 /* WidgetKit.framework */,
				D0E4925030751F2400056BA3 /* SwiftUI.framework */,
				D0E4926730751F4E00056BA3 /* UserNotifications.framework */,
				D0E4926930751F4E00056BA3 /* UserNotificationsUI.framework */,
			);
			name = Frameworks;
			sourceTree = "<group>";
		};
/* End PBXGroup section */

/* Begin PBXHeadersBuildPhase section */
		D0E4922530751B0A00056BA3 /* Headers */ = {
			isa = PBXHeadersBuildPhase;
			files = (
			);
		};
/* End PBXHeadersBuildPhase section */

/* Begin PBXNativeTarget section */
		000000000000000100000000 /* Fortnightly */ = {
			isa = PBXNativeTarget;
			buildConfigurationList = 000000000000000110000000 /* Build configuration list for PBXNativeTarget "Fortnightly" */;
			buildPhases = (
				000000000000000120000000 /* Sources */,
				000000000000000130000000 /* Frameworks */,
				000000000000000140000000 /* Resources */,
				D0E4924130751B0A00056BA3 /* Embed Frameworks */,
				D0E4926130751F2500056BA3 /* Embed Foundation Extensions */,
			);
			buildRules = (
			);
			dependencies = (
				D0E4923E30751B0A00056BA3 /* PBXTargetDependency */,
				D0E4925B30751F2500056BA3 /* PBXTargetDependency */,
				D0E4927330751F4E00056BA3 /* PBXTargetDependency */,
			);
			fileSystemSynchronizedGroups = (
				000000000000000000000010 /* Fortnightly */,
			);
			name = Fortnightly;
			productName = Fortnightly;
			productReference = 000000000000000000000120 /* Fortnightly.app */;
			productType = "com.apple.product-type.application";
		};
		D0E4922930751B0A00056BA3 /* FortnightlyKit */ = {
			isa = PBXNativeTarget;
			buildConfigurationList = D0E4924630751B0A00056BA3 /* Build configuration list for PBXNativeTarget "FortnightlyKit" */;
			buildPhases = (
				D0E4922530751B0A00056BA3 /* Headers */,
				D0E4922630751B0A00056BA3 /* Sources */,
				D0E4922730751B0A00056BA3 /* Frameworks */,
				D0E4922830751B0A00056BA3 /* Resources */,
			);
			buildRules = (
			);
			fileSystemSynchronizedGroups = (
				D0E4922B30751B0A00056BA3 /* FortnightlyKit */,
			);
			name = FortnightlyKit;
			productName = FortnightlyKit;
			productReference = D0E4922A30751B0A00056BA3 /* FortnightlyKit.framework */;
			productType = "com.apple.product-type.framework";
		};
		D0E4923330751B0A00056BA3 /* FortnightlyKitTests */ = {
			isa = PBXNativeTarget;
			buildConfigurationList = D0E4924730751B0A00056BA3 /* Build configuration list for PBXNativeTarget "FortnightlyKitTests" */;
			buildPhases = (
				D0E4923030751B0A00056BA3 /* Sources */,
				D0E4923130751B0A00056BA3 /* Frameworks */,
				D0E4923230751B0A00056BA3 /* Resources */,
			);
			buildRules = (
			);
			dependencies = (
				D0E4923730751B0A00056BA3 /* PBXTargetDependency */,
				D0E4923930751B0A00056BA3 /* PBXTargetDependency */,
			);
			fileSystemSynchronizedGroups = (
				D0E4923A30751B0A00056BA3 /* FortnightlyKitTests */,
			);
			name = FortnightlyKitTests;
			productName = FortnightlyKitTests;
			productReference = D0E4923430751B0A00056BA3 /* FortnightlyKitTests.xctest */;
			productType = "com.apple.product-type.bundle.unit-test";
		};
		D0E4924B30751F2400056BA3 /* ShiftStatusWidgetExtension */ = {
			isa = PBXNativeTarget;
			buildConfigurationList = D0E4925E30751F2500056BA3 /* Build configuration list for PBXNativeTarget "ShiftStatusWidgetExtension" */;
			buildPhases = (
				D0E4924830751F2400056BA3 /* Sources */,
				D0E4924930751F2400056BA3 /* Frameworks */,
				D0E4924A30751F2400056BA3 /* Resources */,
			);
			buildRules = (
			);
			dependencies = (
				D0E4F00530751F6000056BA3 /* PBXTargetDependency */,
			);
			fileSystemSynchronizedGroups = (
				D0E4925230751F2400056BA3 /* ShiftStatusWidget */,
			);
			name = ShiftStatusWidgetExtension;
			productName = ShiftStatusWidgetExtension;
			productReference = D0E4924C30751F2400056BA3 /* ShiftStatusWidgetExtension.appex */;
			productType = "com.apple.product-type.app-extension";
		};
		D0E4926530751F4E00056BA3 /* ShiftPromptNotification */ = {
			isa = PBXNativeTarget;
			buildConfigurationList = D0E4927630751F4E00056BA3 /* Build configuration list for PBXNativeTarget "ShiftPromptNotification" */;
			buildPhases = (
				D0E4926230751F4E00056BA3 /* Sources */,
				D0E4926330751F4E00056BA3 /* Frameworks */,
				D0E4926430751F4E00056BA3 /* Resources */,
			);
			buildRules = (
			);
			dependencies = (
				D0E4F00630751F6000056BA3 /* PBXTargetDependency */,
			);
			fileSystemSynchronizedGroups = (
				D0E4926B30751F4E00056BA3 /* ShiftPromptNotification */,
			);
			name = ShiftPromptNotification;
			productName = ShiftPromptNotification;
			productReference = D0E4926630751F4E00056BA3 /* ShiftPromptNotification.appex */;
			productType = "com.apple.product-type.app-extension";
		};
/* End PBXNativeTarget section */

/* Begin PBXProject section */
		000000000000000000000000 /* Project object */ = {
			isa = PBXProject;
			attributes = {
				BuildIndependentTargetsInParallel = 1;
				LastSwiftUpdateCheck = 2700;
				LastUpgradeCheck = 2700;
				TargetAttributes = {
					000000000000000100000000 = {
						CreatedOnToolsVersion = 26.3;
					};
					D0E4922930751B0A00056BA3 = {
						CreatedOnToolsVersion = 27.0;
					};
					D0E4923330751B0A00056BA3 = {
						CreatedOnToolsVersion = 27.0;
						TestTargetID = 000000000000000100000000;
					};
					D0E4924B30751F2400056BA3 = {
						CreatedOnToolsVersion = 27.0;
					};
					D0E4926530751F4E00056BA3 = {
						CreatedOnToolsVersion = 27.0;
					};
				};
			};
			buildConfigurationList = 000000000000000010000000 /* Build configuration list for PBXProject "Fortnightly" */;
			developmentRegion = en;
			hasScannedForEncodings = 0;
			knownRegions = (
				en,
				Base,
			);
			mainGroup = 000000000000000000000001;
			minimizedProjectReferenceProxies = 1;
			preferredProjectObjectVersion = 90;
			productRefGroup = 000000000000000000000020 /* Products */;
			projectDirPath = "";
			projectRoot = "";
			targets = (
				000000000000000100000000 /* Fortnightly */,
				D0E4922930751B0A00056BA3 /* FortnightlyKit */,
				D0E4923330751B0A00056BA3 /* FortnightlyKitTests */,
				D0E4924B30751F2400056BA3 /* ShiftStatusWidgetExtension */,
				D0E4926530751F4E00056BA3 /* ShiftPromptNotification */,
			);
		};
/* End PBXProject section */

/* Begin PBXResourcesBuildPhase section */
		000000000000000140000000 /* Resources */ = {
			isa = PBXResourcesBuildPhase;
			files = (
			);
		};
		D0E4922830751B0A00056BA3 /* Resources */ = {
			isa = PBXResourcesBuildPhase;
			files = (
			);
		};
		D0E4923230751B0A00056BA3 /* Resources */ = {
			isa = PBXResourcesBuildPhase;
			files = (
			);
		};
		D0E4924A30751F2400056BA3 /* Resources */ = {
			isa = PBXResourcesBuildPhase;
			files = (
			);
		};
		D0E4926430751F4E00056BA3 /* Resources */ = {
			isa = PBXResourcesBuildPhase;
			files = (
			);
		};
/* End PBXResourcesBuildPhase section */

/* Begin PBXSourcesBuildPhase section */
		000000000000000120000000 /* Sources */ = {
			isa = PBXSourcesBuildPhase;
			files = (
			);
		};
		D0E4922630751B0A00056BA3 /* Sources */ = {
			isa = PBXSourcesBuildPhase;
			files = (
			);
		};
		D0E4923030751B0A00056BA3 /* Sources */ = {
			isa = PBXSourcesBuildPhase;
			files = (
			);
		};
		D0E4924830751F2400056BA3 /* Sources */ = {
			isa = PBXSourcesBuildPhase;
			files = (
			);
		};
		D0E4926230751F4E00056BA3 /* Sources */ = {
			isa = PBXSourcesBuildPhase;
			files = (
			);
		};
/* End PBXSourcesBuildPhase section */

/* Begin PBXTargetDependency section */
		D0E4923730751B0A00056BA3 /* PBXTargetDependency */ = {
			isa = PBXTargetDependency;
			target = D0E4922930751B0A00056BA3 /* FortnightlyKit */;
			targetProxy = D0E4923630751B0A00056BA3 /* PBXContainerItemProxy */;
		};
		D0E4923930751B0A00056BA3 /* PBXTargetDependency */ = {
			isa = PBXTargetDependency;
			target = 000000000000000100000000 /* Fortnightly */;
			targetProxy = D0E4923830751B0A00056BA3 /* PBXContainerItemProxy */;
		};
		D0E4923E30751B0A00056BA3 /* PBXTargetDependency */ = {
			isa = PBXTargetDependency;
			target = D0E4922930751B0A00056BA3 /* FortnightlyKit */;
			targetProxy = D0E4923D30751B0A00056BA3 /* PBXContainerItemProxy */;
		};
		D0E4925B30751F2500056BA3 /* PBXTargetDependency */ = {
			isa = PBXTargetDependency;
			target = D0E4924B30751F2400056BA3 /* ShiftStatusWidgetExtension */;
			targetProxy = D0E4925A30751F2500056BA3 /* PBXContainerItemProxy */;
		};
		D0E4927330751F4E00056BA3 /* PBXTargetDependency */ = {
			isa = PBXTargetDependency;
			target = D0E4926530751F4E00056BA3 /* ShiftPromptNotification */;
			targetProxy = D0E4927230751F4E00056BA3 /* PBXContainerItemProxy */;
		};
		D0E4F00530751F6000056BA3 /* PBXTargetDependency */ = {
			isa = PBXTargetDependency;
			target = D0E4922930751B0A00056BA3 /* FortnightlyKit */;
			targetProxy = D0E4F00330751F6000056BA3 /* PBXContainerItemProxy */;
		};
		D0E4F00630751F6000056BA3 /* PBXTargetDependency */ = {
			isa = PBXTargetDependency;
			target = D0E4922930751B0A00056BA3 /* FortnightlyKit */;
			targetProxy = D0E4F00430751F6000056BA3 /* PBXContainerItemProxy */;
		};
/* End PBXTargetDependency section */

/* Begin XCBuildConfiguration section */
		000000000000000011000000 /* Debug configuration for PBXProject "Fortnightly" */ = {
			isa = XCBuildConfiguration;
			buildSettings = {
				ALWAYS_SEARCH_USER_PATHS = NO;
				ASSETCATALOG_COMPILER_GENERATE_SWIFT_ASSET_SYMBOL_EXTENSIONS = YES;
				CLANG_ANALYZER_NONNULL = YES;
				CLANG_ANALYZER_NUMBER_OBJECT_CONVERSION = YES_AGGRESSIVE;
				CLANG_CXX_LANGUAGE_STANDARD = "gnu++20";
				CLANG_ENABLE_MODULES = YES;
				CLANG_ENABLE_OBJC_ARC = YES;
				CLANG_ENABLE_OBJC_WEAK = YES;
				CLANG_WARN_BLOCK_CAPTURE_AUTORELEASING = YES;
				CLANG_WARN_BOOL_CONVERSION = YES;
				CLANG_WARN_COMMA = YES;
				CLANG_WARN_CONSTANT_CONVERSION = YES;
				CLANG_WARN_DEPRECATED_OBJC_IMPLEMENTATIONS = YES;
				CLANG_WARN_DIRECT_OBJC_ISA_USAGE = YES_ERROR;
				CLANG_WARN_DOCUMENTATION_COMMENTS = YES;
				CLANG_WARN_EMPTY_BODY = YES;
				CLANG_WARN_ENUM_CONVERSION = YES;
				CLANG_WARN_INFINITE_RECURSION = YES;
				CLANG_WARN_INT_CONVERSION = YES;
				CLANG_WARN_NON_LITERAL_NULL_CONVERSION = YES;
				CLANG_WARN_OBJC_IMPLICIT_RETAIN_SELF = YES;
				CLANG_WARN_OBJC_LITERAL_CONVERSION = YES;
				CLANG_WARN_OBJC_ROOT_CLASS = YES_ERROR;
				CLANG_WARN_QUOTED_INCLUDE_IN_FRAMEWORK_HEADER = YES;
				CLANG_WARN_RANGE_LOOP_ANALYSIS = YES;
				CLANG_WARN_STRICT_PROTOTYPES = YES;
				CLANG_WARN_SUSPICIOUS_MOVE = YES;
				CLANG_WARN_UNGUARDED_AVAILABILITY = YES_AGGRESSIVE;
				CLANG_WARN_UNREACHABLE_CODE = YES;
				CLANG_WARN__DUPLICATE_METHOD_MATCH = YES;
				COPY_PHASE_STRIP = NO;
				DEAD_CODE_STRIPPING = YES;
				DEBUG_INFORMATION_FORMAT = dwarf;
				DRIVERKIT_DEPLOYMENT_TARGET = 27.0;
				ENABLE_STRICT_OBJC_MSGSEND = YES;
				ENABLE_TESTABILITY = YES;
				ENABLE_USER_SCRIPT_SANDBOXING = YES;
				GCC_C_LANGUAGE_STANDARD = gnu17;
				GCC_DYNAMIC_NO_PIC = NO;
				GCC_NO_COMMON_BLOCKS = YES;
				GCC_OPTIMIZATION_LEVEL = 0;
				GCC_PREPROCESSOR_DEFINITIONS = (
					"DEBUG=1",
					"$(inherited)",
				);
				GCC_WARN_64_TO_32_BIT_CONVERSION = YES;
				GCC_WARN_ABOUT_RETURN_TYPE = YES_ERROR;
				GCC_WARN_UNDECLARED_SELECTOR = YES;
				GCC_WARN_UNINITIALIZED_AUTOS = YES_AGGRESSIVE;
				GCC_WARN_UNUSED_FUNCTION = YES;
				GCC_WARN_UNUSED_VARIABLE = YES;
				IPHONEOS_DEPLOYMENT_TARGET = 17.0;
				LOCALIZATION_PREFERS_STRING_CATALOGS = YES;
				MACOSX_DEPLOYMENT_TARGET = 26.6.2;
				MTL_ENABLE_DEBUG_INFO = INCLUDE_SOURCE;
				MTL_FAST_MATH = YES;
				ONLY_ACTIVE_ARCH = YES;
				PROJECT_UNIQUE_VALUE = OT4F8BC4;
				STRING_CATALOG_GENERATE_SYMBOLS = YES;
				SWIFT_ACTIVE_COMPILATION_CONDITIONS = "DEBUG $(inherited)";
				SWIFT_OPTIMIZATION_LEVEL = "-Onone";
				TVOS_DEPLOYMENT_TARGET = 27.0;
				WATCHOS_DEPLOYMENT_TARGET = 27.0;
				XROS_DEPLOYMENT_TARGET = 27.0;
			};
			name = Debug;
		};
		000000000000000012000000 /* Release configuration for PBXProject "Fortnightly" */ = {
			isa = XCBuildConfiguration;
			buildSettings = {
				ALWAYS_SEARCH_USER_PATHS = NO;
				ASSETCATALOG_COMPILER_GENERATE_SWIFT_ASSET_SYMBOL_EXTENSIONS = YES;
				CLANG_ANALYZER_NONNULL = YES;
				CLANG_ANALYZER_NUMBER_OBJECT_CONVERSION = YES_AGGRESSIVE;
				CLANG_CXX_LANGUAGE_STANDARD = "gnu++20";
				CLANG_ENABLE_MODULES = YES;
				CLANG_ENABLE_OBJC_ARC = YES;
				CLANG_ENABLE_OBJC_WEAK = YES;
				CLANG_WARN_BLOCK_CAPTURE_AUTORELEASING = YES;
				CLANG_WARN_BOOL_CONVERSION = YES;
				CLANG_WARN_COMMA = YES;
				CLANG_WARN_CONSTANT_CONVERSION = YES;
				CLANG_WARN_DEPRECATED_OBJC_IMPLEMENTATIONS = YES;
				CLANG_WARN_DIRECT_OBJC_ISA_USAGE = YES_ERROR;
				CLANG_WARN_DOCUMENTATION_COMMENTS = YES;
				CLANG_WARN_EMPTY_BODY = YES;
				CLANG_WARN_ENUM_CONVERSION = YES;
				CLANG_WARN_INFINITE_RECURSION = YES;
				CLANG_WARN_INT_CONVERSION = YES;
				CLANG_WARN_NON_LITERAL_NULL_CONVERSION = YES;
				CLANG_WARN_OBJC_IMPLICIT_RETAIN_SELF = YES;
				CLANG_WARN_OBJC_LITERAL_CONVERSION = YES;
				CLANG_WARN_OBJC_ROOT_CLASS = YES_ERROR;
				CLANG_WARN_QUOTED_INCLUDE_IN_FRAMEWORK_HEADER = YES;
				CLANG_WARN_RANGE_LOOP_ANALYSIS = YES;
				CLANG_WARN_STRICT_PROTOTYPES = YES;
				CLANG_WARN_SUSPICIOUS_MOVE = YES;
				CLANG_WARN_UNGUARDED_AVAILABILITY = YES_AGGRESSIVE;
				CLANG_WARN_UNREACHABLE_CODE = YES;
				CLANG_WARN__DUPLICATE_METHOD_MATCH = YES;
				COPY_PHASE_STRIP = NO;
				DEAD_CODE_STRIPPING = YES;
				DEBUG_INFORMATION_FORMAT = "dwarf-with-dsym";
				DRIVERKIT_DEPLOYMENT_TARGET = 27.0;
				ENABLE_NS_ASSERTIONS = NO;
				ENABLE_STRICT_OBJC_MSGSEND = YES;
				ENABLE_USER_SCRIPT_SANDBOXING = YES;
				GCC_C_LANGUAGE_STANDARD = gnu17;
				GCC_NO_COMMON_BLOCKS = YES;
				GCC_WARN_64_TO_32_BIT_CONVERSION = YES;
				GCC_WARN_ABOUT_RETURN_TYPE = YES_ERROR;
				GCC_WARN_UNDECLARED_SELECTOR = YES;
				GCC_WARN_UNINITIALIZED_AUTOS = YES_AGGRESSIVE;
				GCC_WARN_UNUSED_FUNCTION = YES;
				GCC_WARN_UNUSED_VARIABLE = YES;
				IPHONEOS_DEPLOYMENT_TARGET = 17.0;
				LOCALIZATION_PREFERS_STRING_CATALOGS = YES;
				MACOSX_DEPLOYMENT_TARGET = 26.6.2;
				MTL_ENABLE_DEBUG_INFO = NO;
				MTL_FAST_MATH = YES;
				PROJECT_UNIQUE_VALUE = OT4F8BC4;
				STRING_CATALOG_GENERATE_SYMBOLS = YES;
				SWIFT_COMPILATION_MODE = wholemodule;
				TVOS_DEPLOYMENT_TARGET = 27.0;
				WATCHOS_DEPLOYMENT_TARGET = 27.0;
				XROS_DEPLOYMENT_TARGET = 27.0;
			};
			name = Release;
		};
		000000000000000111000000 /* Debug configuration for PBXNativeTarget "Fortnightly" */ = {
			isa = XCBuildConfiguration;
			buildSettings = {
				CODE_SIGN_ENTITLEMENTS = Fortnightly/Fortnightly.entitlements;
				CODE_SIGN_STYLE = Automatic;
				CURRENT_PROJECT_VERSION = 1;
				ENABLE_PREVIEWS = YES;
				GENERATE_INFOPLIST_FILE = YES;
				INFOPLIST_KEY_CFBundleDisplayName = Fortnightly;
				"INFOPLIST_KEY_UIApplicationSceneManifest_Generation[sdk=iphoneos*]" = YES;
				"INFOPLIST_KEY_UIApplicationSceneManifest_Generation[sdk=iphonesimulator*]" = YES;
				"INFOPLIST_KEY_UIApplicationSupportsIndirectInputEvents[sdk=iphoneos*]" = YES;
				"INFOPLIST_KEY_UIApplicationSupportsIndirectInputEvents[sdk=iphonesimulator*]" = YES;
				"INFOPLIST_KEY_UILaunchScreen_Generation[sdk=iphoneos*]" = YES;
				"INFOPLIST_KEY_UILaunchScreen_Generation[sdk=iphonesimulator*]" = YES;
				"INFOPLIST_KEY_UIStatusBarStyle[sdk=iphoneos*]" = UIStatusBarStyleDefault;
				"INFOPLIST_KEY_UIStatusBarStyle[sdk=iphonesimulator*]" = UIStatusBarStyleDefault;
				INFOPLIST_KEY_UISupportedInterfaceOrientations_iPhone = "UIInterfaceOrientationPortrait UIInterfaceOrientationLandscapeLeft UIInterfaceOrientationLandscapeRight";
				LD_RUNPATH_SEARCH_PATHS = "@executable_path/Frameworks";
				MARKETING_VERSION = 1.0;
				PRODUCT_BUNDLE_IDENTIFIER = com.peter.fortnightly;
				PRODUCT_NAME = "$(TARGET_NAME)";
				REGISTER_APP_GROUPS = YES;
				SDKROOT = iphoneos;
				STRING_CATALOG_GENERATE_SYMBOLS = YES;
				SUPPORTED_PLATFORMS = "iphoneos iphonesimulator";
				SUPPORTS_MACCATALYST = NO;
				SUPPORTS_MAC_DESIGNED_FOR_IPHONE_IPAD = NO;
				SUPPORTS_XR_DESIGNED_FOR_IPHONE_IPAD = NO;
				SWIFT_APPROACHABLE_CONCURRENCY = YES;
				SWIFT_DEFAULT_ACTOR_ISOLATION = MainActor;
				SWIFT_EMIT_LOC_STRINGS = YES;
				SWIFT_UPCOMING_FEATURE_MEMBER_IMPORT_VISIBILITY = YES;
				SWIFT_VERSION = 5.0;
				TARGETED_DEVICE_FAMILY = 1;
			};
			name = Debug;
		};
		000000000000000112000000 /* Release configuration for PBXNativeTarget "Fortnightly" */ = {
			isa = XCBuildConfiguration;
			buildSettings = {
				CODE_SIGN_ENTITLEMENTS = Fortnightly/Fortnightly.entitlements;
				CODE_SIGN_STYLE = Automatic;
				CURRENT_PROJECT_VERSION = 1;
				ENABLE_PREVIEWS = YES;
				GENERATE_INFOPLIST_FILE = YES;
				INFOPLIST_KEY_CFBundleDisplayName = Fortnightly;
				"INFOPLIST_KEY_UIApplicationSceneManifest_Generation[sdk=iphoneos*]" = YES;
				"INFOPLIST_KEY_UIApplicationSceneManifest_Generation[sdk=iphonesimulator*]" = YES;
				"INFOPLIST_KEY_UIApplicationSupportsIndirectInputEvents[sdk=iphoneos*]" = YES;
				"INFOPLIST_KEY_UIApplicationSupportsIndirectInputEvents[sdk=iphonesimulator*]" = YES;
				"INFOPLIST_KEY_UILaunchScreen_Generation[sdk=iphoneos*]" = YES;
				"INFOPLIST_KEY_UILaunchScreen_Generation[sdk=iphonesimulator*]" = YES;
				"INFOPLIST_KEY_UIStatusBarStyle[sdk=iphoneos*]" = UIStatusBarStyleDefault;
				"INFOPLIST_KEY_UIStatusBarStyle[sdk=iphonesimulator*]" = UIStatusBarStyleDefault;
				INFOPLIST_KEY_UISupportedInterfaceOrientations_iPhone = "UIInterfaceOrientationPortrait UIInterfaceOrientationLandscapeLeft UIInterfaceOrientationLandscapeRight";
				LD_RUNPATH_SEARCH_PATHS = "@executable_path/Frameworks";
				MARKETING_VERSION = 1.0;
				PRODUCT_BUNDLE_IDENTIFIER = com.peter.fortnightly;
				PRODUCT_NAME = "$(TARGET_NAME)";
				REGISTER_APP_GROUPS = YES;
				SDKROOT = iphoneos;
				STRING_CATALOG_GENERATE_SYMBOLS = YES;
				SUPPORTED_PLATFORMS = "iphoneos iphonesimulator";
				SUPPORTS_MACCATALYST = NO;
				SUPPORTS_MAC_DESIGNED_FOR_IPHONE_IPAD = NO;
				SUPPORTS_XR_DESIGNED_FOR_IPHONE_IPAD = NO;
				SWIFT_APPROACHABLE_CONCURRENCY = YES;
				SWIFT_DEFAULT_ACTOR_ISOLATION = MainActor;
				SWIFT_EMIT_LOC_STRINGS = YES;
				SWIFT_UPCOMING_FEATURE_MEMBER_IMPORT_VISIBILITY = YES;
				SWIFT_VERSION = 5.0;
				TARGETED_DEVICE_FAMILY = 1;
			};
			name = Release;
		};
		D0E4924230751B0A00056BA3 /* Debug configuration for PBXNativeTarget "FortnightlyKit" */ = {
			isa = XCBuildConfiguration;
			buildSettings = {
				APPLICATION_EXTENSION_API_ONLY = YES;
				CODE_SIGN_STYLE = Automatic;
				CURRENT_PROJECT_VERSION = 1;
				DYLIB_COMPATIBILITY_VERSION = 1;
				DYLIB_CURRENT_VERSION = 1;
				DYLIB_INSTALL_NAME_BASE = "@rpath";
				ENABLE_MODULE_VERIFIER = YES;
				GENERATE_INFOPLIST_FILE = YES;
				INFOPLIST_KEY_NSHumanReadableCopyright = "";
				INSTALL_PATH = "$(LOCAL_LIBRARY_DIR)/Frameworks";
				LD_RUNPATH_SEARCH_PATHS = (
					"$(inherited)",
					"@executable_path/Frameworks",
					"@loader_path/Frameworks",
				);
				MARKETING_VERSION = 1.0;
				MODULE_VERIFIER_SUPPORTED_LANGUAGES = "objective-c objective-c++";
				MODULE_VERIFIER_SUPPORTED_LANGUAGE_STANDARDS = "gnu17 gnu++20";
				PRODUCT_BUNDLE_IDENTIFIER = com.peter.fortnightly.FortnightlyKit;
				PRODUCT_NAME = "$(TARGET_NAME:c99extidentifier)";
				SDKROOT = iphoneos;
				SKIP_INSTALL = YES;
				STRING_CATALOG_GENERATE_SYMBOLS = YES;
				SWIFT_APPROACHABLE_CONCURRENCY = YES;
				SWIFT_EMIT_LOC_STRINGS = YES;
				SWIFT_INSTALL_MODULE = YES;
				SWIFT_INSTALL_OBJC_HEADER = NO;
				SWIFT_UPCOMING_FEATURE_MEMBER_IMPORT_VISIBILITY = YES;
				SWIFT_VERSION = 5.0;
				TARGETED_DEVICE_FAMILY = 1;
				VERSIONING_SYSTEM = "apple-generic";
				VERSION_INFO_PREFIX = "";
			};
			name = Debug;
		};
		D0E4924330751B0A00056BA3 /* Release configuration for PBXNativeTarget "FortnightlyKit" */ = {
			isa = XCBuildConfiguration;
			buildSettings = {
				APPLICATION_EXTENSION_API_ONLY = YES;
				CODE_SIGN_STYLE = Automatic;
				CURRENT_PROJECT_VERSION = 1;
				DYLIB_COMPATIBILITY_VERSION = 1;
				DYLIB_CURRENT_VERSION = 1;
				DYLIB_INSTALL_NAME_BASE = "@rpath";
				ENABLE_MODULE_VERIFIER = YES;
				GENERATE_INFOPLIST_FILE = YES;
				INFOPLIST_KEY_NSHumanReadableCopyright = "";
				INSTALL_PATH = "$(LOCAL_LIBRARY_DIR)/Frameworks";
				LD_RUNPATH_SEARCH_PATHS = (
					"$(inherited)",
					"@executable_path/Frameworks",
					"@loader_path/Frameworks",
				);
				MARKETING_VERSION = 1.0;
				MODULE_VERIFIER_SUPPORTED_LANGUAGES = "objective-c objective-c++";
				MODULE_VERIFIER_SUPPORTED_LANGUAGE_STANDARDS = "gnu17 gnu++20";
				PRODUCT_BUNDLE_IDENTIFIER = com.peter.fortnightly.FortnightlyKit;
				PRODUCT_NAME = "$(TARGET_NAME:c99extidentifier)";
				SDKROOT = iphoneos;
				SKIP_INSTALL = YES;
				STRING_CATALOG_GENERATE_SYMBOLS = YES;
				SWIFT_APPROACHABLE_CONCURRENCY = YES;
				SWIFT_EMIT_LOC_STRINGS = YES;
				SWIFT_INSTALL_MODULE = YES;
				SWIFT_INSTALL_OBJC_HEADER = NO;
				SWIFT_UPCOMING_FEATURE_MEMBER_IMPORT_VISIBILITY = YES;
				SWIFT_VERSION = 5.0;
				TARGETED_DEVICE_FAMILY = 1;
				VALIDATE_PRODUCT = YES;
				VERSIONING_SYSTEM = "apple-generic";
				VERSION_INFO_PREFIX = "";
			};
			name = Release;
		};
		D0E4924430751B0A00056BA3 /* Debug configuration for PBXNativeTarget "FortnightlyKitTests" */ = {
			isa = XCBuildConfiguration;
			buildSettings = {
				CODE_SIGN_STYLE = Automatic;
				CURRENT_PROJECT_VERSION = 1;
				GENERATE_INFOPLIST_FILE = YES;
				MARKETING_VERSION = 1.0;
				PRODUCT_BUNDLE_IDENTIFIER = com.peter.fortnightly.FortnightlyKitTests;
				PRODUCT_NAME = "$(TARGET_NAME)";
				SDKROOT = iphoneos;
				STRING_CATALOG_GENERATE_SYMBOLS = NO;
				SWIFT_APPROACHABLE_CONCURRENCY = YES;
				SWIFT_EMIT_LOC_STRINGS = NO;
				SWIFT_UPCOMING_FEATURE_MEMBER_IMPORT_VISIBILITY = YES;
				SWIFT_VERSION = 5.0;
				TARGETED_DEVICE_FAMILY = 1;
				TEST_HOST = "$(BUILT_PRODUCTS_DIR)/Fortnightly.app/$(BUNDLE_EXECUTABLE_FOLDER_PATH)/Fortnightly";
			};
			name = Debug;
		};
		D0E4924530751B0A00056BA3 /* Release configuration for PBXNativeTarget "FortnightlyKitTests" */ = {
			isa = XCBuildConfiguration;
			buildSettings = {
				CODE_SIGN_STYLE = Automatic;
				CURRENT_PROJECT_VERSION = 1;
				GENERATE_INFOPLIST_FILE = YES;
				MARKETING_VERSION = 1.0;
				PRODUCT_BUNDLE_IDENTIFIER = com.peter.fortnightly.FortnightlyKitTests;
				PRODUCT_NAME = "$(TARGET_NAME)";
				SDKROOT = iphoneos;
				STRING_CATALOG_GENERATE_SYMBOLS = NO;
				SWIFT_APPROACHABLE_CONCURRENCY = YES;
				SWIFT_EMIT_LOC_STRINGS = NO;
				SWIFT_UPCOMING_FEATURE_MEMBER_IMPORT_VISIBILITY = YES;
				SWIFT_VERSION = 5.0;
				TARGETED_DEVICE_FAMILY = 1;
				TEST_HOST = "$(BUILT_PRODUCTS_DIR)/Fortnightly.app/$(BUNDLE_EXECUTABLE_FOLDER_PATH)/Fortnightly";
				VALIDATE_PRODUCT = YES;
			};
			name = Release;
		};
		D0E4925F30751F2500056BA3 /* Debug configuration for PBXNativeTarget "ShiftStatusWidgetExtension" */ = {
			isa = XCBuildConfiguration;
			buildSettings = {
				ASSETCATALOG_COMPILER_GLOBAL_ACCENT_COLOR_NAME = AccentColor;
				ASSETCATALOG_COMPILER_WIDGET_BACKGROUND_COLOR_NAME = WidgetBackground;
				CODE_SIGN_ENTITLEMENTS = ShiftStatusWidget/ShiftStatusWidget.entitlements;
				CODE_SIGN_STYLE = Automatic;
				CURRENT_PROJECT_VERSION = 1;
				GENERATE_INFOPLIST_FILE = YES;
				INFOPLIST_FILE = ShiftStatusWidget/Info.plist;
				INFOPLIST_KEY_CFBundleDisplayName = ShiftStatusWidget;
				INFOPLIST_KEY_NSHumanReadableCopyright = "";
				LD_RUNPATH_SEARCH_PATHS = (
					"$(inherited)",
					"@executable_path/Frameworks",
					"@executable_path/../../Frameworks",
				);
				MARKETING_VERSION = 1.0;
				PRODUCT_BUNDLE_IDENTIFIER = com.peter.fortnightly.ShiftStatusWidget;
				PRODUCT_NAME = "$(TARGET_NAME)";
				REGISTER_APP_GROUPS = YES;
				SDKROOT = iphoneos;
				SKIP_INSTALL = YES;
				STRING_CATALOG_GENERATE_SYMBOLS = YES;
				SWIFT_APPROACHABLE_CONCURRENCY = YES;
				SWIFT_EMIT_LOC_STRINGS = YES;
				SWIFT_UPCOMING_FEATURE_MEMBER_IMPORT_VISIBILITY = YES;
				SWIFT_VERSION = 5.0;
				TARGETED_DEVICE_FAMILY = 1;
			};
			name = Debug;
		};
		D0E4926030751F2500056BA3 /* Release configuration for PBXNativeTarget "ShiftStatusWidgetExtension" */ = {
			isa = XCBuildConfiguration;
			buildSettings = {
				ASSETCATALOG_COMPILER_GLOBAL_ACCENT_COLOR_NAME = AccentColor;
				ASSETCATALOG_COMPILER_WIDGET_BACKGROUND_COLOR_NAME = WidgetBackground;
				CODE_SIGN_ENTITLEMENTS = ShiftStatusWidget/ShiftStatusWidget.entitlements;
				CODE_SIGN_STYLE = Automatic;
				CURRENT_PROJECT_VERSION = 1;
				GENERATE_INFOPLIST_FILE = YES;
				INFOPLIST_FILE = ShiftStatusWidget/Info.plist;
				INFOPLIST_KEY_CFBundleDisplayName = ShiftStatusWidget;
				INFOPLIST_KEY_NSHumanReadableCopyright = "";
				LD_RUNPATH_SEARCH_PATHS = (
					"$(inherited)",
					"@executable_path/Frameworks",
					"@executable_path/../../Frameworks",
				);
				MARKETING_VERSION = 1.0;
				PRODUCT_BUNDLE_IDENTIFIER = com.peter.fortnightly.ShiftStatusWidget;
				PRODUCT_NAME = "$(TARGET_NAME)";
				REGISTER_APP_GROUPS = YES;
				SDKROOT = iphoneos;
				SKIP_INSTALL = YES;
				STRING_CATALOG_GENERATE_SYMBOLS = YES;
				SWIFT_APPROACHABLE_CONCURRENCY = YES;
				SWIFT_EMIT_LOC_STRINGS = YES;
				SWIFT_UPCOMING_FEATURE_MEMBER_IMPORT_VISIBILITY = YES;
				SWIFT_VERSION = 5.0;
				TARGETED_DEVICE_FAMILY = 1;
				VALIDATE_PRODUCT = YES;
			};
			name = Release;
		};
		D0E4927730751F4E00056BA3 /* Debug configuration for PBXNativeTarget "ShiftPromptNotification" */ = {
			isa = XCBuildConfiguration;
			buildSettings = {
				CODE_SIGN_ENTITLEMENTS = ShiftPromptNotification/ShiftPromptNotification.entitlements;
				CODE_SIGN_STYLE = Automatic;
				CURRENT_PROJECT_VERSION = 1;
				GENERATE_INFOPLIST_FILE = YES;
				INFOPLIST_FILE = ShiftPromptNotification/Info.plist;
				INFOPLIST_KEY_CFBundleDisplayName = ShiftPromptNotification;
				INFOPLIST_KEY_NSHumanReadableCopyright = "";
				LD_RUNPATH_SEARCH_PATHS = (
					"$(inherited)",
					"@executable_path/Frameworks",
					"@executable_path/../../Frameworks",
				);
				MARKETING_VERSION = 1.0;
				PRODUCT_BUNDLE_IDENTIFIER = com.peter.fortnightly.ShiftPromptNotification;
				PRODUCT_NAME = "$(TARGET_NAME)";
				REGISTER_APP_GROUPS = YES;
				SDKROOT = iphoneos;
				SKIP_INSTALL = YES;
				STRING_CATALOG_GENERATE_SYMBOLS = YES;
				SWIFT_APPROACHABLE_CONCURRENCY = YES;
				SWIFT_EMIT_LOC_STRINGS = YES;
				SWIFT_UPCOMING_FEATURE_MEMBER_IMPORT_VISIBILITY = YES;
				SWIFT_VERSION = 5.0;
				TARGETED_DEVICE_FAMILY = 1;
			};
			name = Debug;
		};
		D0E4927830751F4E00056BA3 /* Release configuration for PBXNativeTarget "ShiftPromptNotification" */ = {
			isa = XCBuildConfiguration;
			buildSettings = {
				CODE_SIGN_ENTITLEMENTS = ShiftPromptNotification/ShiftPromptNotification.entitlements;
				CODE_SIGN_STYLE = Automatic;
				CURRENT_PROJECT_VERSION = 1;
				GENERATE_INFOPLIST_FILE = YES;
				INFOPLIST_FILE = ShiftPromptNotification/Info.plist;
				INFOPLIST_KEY_CFBundleDisplayName = ShiftPromptNotification;
				INFOPLIST_KEY_NSHumanReadableCopyright = "";
				LD_RUNPATH_SEARCH_PATHS = (
					"$(inherited)",
					"@executable_path/Frameworks",
					"@executable_path/../../Frameworks",
				);
				MARKETING_VERSION = 1.0;
				PRODUCT_BUNDLE_IDENTIFIER = com.peter.fortnightly.ShiftPromptNotification;
				PRODUCT_NAME = "$(TARGET_NAME)";
				REGISTER_APP_GROUPS = YES;
				SDKROOT = iphoneos;
				SKIP_INSTALL = YES;
				STRING_CATALOG_GENERATE_SYMBOLS = YES;
				SWIFT_APPROACHABLE_CONCURRENCY = YES;
				SWIFT_EMIT_LOC_STRINGS = YES;
				SWIFT_UPCOMING_FEATURE_MEMBER_IMPORT_VISIBILITY = YES;
				SWIFT_VERSION = 5.0;
				TARGETED_DEVICE_FAMILY = 1;
				VALIDATE_PRODUCT = YES;
			};
			name = Release;
		};
/* End XCBuildConfiguration section */

/* Begin XCConfigurationList section */
		000000000000000010000000 /* Build configuration list for PBXProject "Fortnightly" */ = {
			isa = XCConfigurationList;
			buildConfigurations = (
				000000000000000011000000 /* Debug configuration for PBXProject "Fortnightly" */,
				000000000000000012000000 /* Release configuration for PBXProject "Fortnightly" */,
			);
			defaultConfigurationName = Release;
		};
		000000000000000110000000 /* Build configuration list for PBXNativeTarget "Fortnightly" */ = {
			isa = XCConfigurationList;
			buildConfigurations = (
				000000000000000111000000 /* Debug configuration for PBXNativeTarget "Fortnightly" */,
				000000000000000112000000 /* Release configuration for PBXNativeTarget "Fortnightly" */,
			);
			defaultConfigurationName = Release;
		};
		D0E4924630751B0A00056BA3 /* Build configuration list for PBXNativeTarget "FortnightlyKit" */ = {
			isa = XCConfigurationList;
			buildConfigurations = (
				D0E4924230751B0A00056BA3 /* Debug configuration for PBXNativeTarget "FortnightlyKit" */,
				D0E4924330751B0A00056BA3 /* Release configuration for PBXNativeTarget "FortnightlyKit" */,
			);
			defaultConfigurationName = Release;
		};
		D0E4924730751B0A00056BA3 /* Build configuration list for PBXNativeTarget "FortnightlyKitTests" */ = {
			isa = XCConfigurationList;
			buildConfigurations = (
				D0E4924430751B0A00056BA3 /* Debug configuration for PBXNativeTarget "FortnightlyKitTests" */,
				D0E4924530751B0A00056BA3 /* Release configuration for PBXNativeTarget "FortnightlyKitTests" */,
			);
			defaultConfigurationName = Release;
		};
		D0E4925E30751F2500056BA3 /* Build configuration list for PBXNativeTarget "ShiftStatusWidgetExtension" */ = {
			isa = XCConfigurationList;
			buildConfigurations = (
				D0E4925F30751F2500056BA3 /* Debug configuration for PBXNativeTarget "ShiftStatusWidgetExtension" */,
				D0E4926030751F2500056BA3 /* Release configuration for PBXNativeTarget "ShiftStatusWidgetExtension" */,
			);
			defaultConfigurationName = Release;
		};
		D0E4927630751F4E00056BA3 /* Build configuration list for PBXNativeTarget "ShiftPromptNotification" */ = {
			isa = XCConfigurationList;
			buildConfigurations = (
				D0E4927730751F4E00056BA3 /* Debug configuration for PBXNativeTarget "ShiftPromptNotification" */,
				D0E4927830751F4E00056BA3 /* Release configuration for PBXNativeTarget "ShiftPromptNotification" */,
			);
			defaultConfigurationName = Release;
		};
/* End XCConfigurationList section */
	};
	rootObject = 000000000000000000000000 /* Project object */;
}
